
Microsoft Visual Studio Solution File, Format Version 12.00
# Visual Studio Version 17
VisualStudioVersion = 17.7.34024.191
MinimumVisualStudioVersion = 10.0.40219.1
Project("{9A19103F-16F7-4668-BE54-9A1E7A4F7556}") = "ProjetoUdemyUm", "ProjetoUdemyUm.csproj", "{59AE27B7-F127-4DB7-B61F-F88BC807C639}"
EndProject
Project("{FAE04EC0-301F-11D3-BF4B-00C04F79EFBC}") = "ProjetoDoisUdemy", "..\ProjetoDoisUdemy\ProjetoDoisUdemy.csproj", "{A85E65F3-BA90-491F-883B-305E12D999F0}"
EndProject
Global
	GlobalSection(SolutionConfigurationPlatforms) = preSolution
		Debug|Any CPU = Debug|Any CPU
		Release|Any CPU = Release|Any CPU
	EndGlobalSection
	GlobalSection(ProjectConfigurationPlatforms) = postSolution
		{59AE27B7-F127-4DB7-B61F-F88BC807C639}.Debug|Any CPU.ActiveCfg = Debug|Any CPU
		{59AE27B7-F127-4DB7-B61F-F88BC807C639}.Debug|Any CPU.Build.0 = Debug|Any CPU
		{59AE27B7-F127-4DB7-B61F-F88BC807C639}.Release|Any CPU.ActiveCfg = Release|Any CPU
		{59AE27B7-F127-4DB7-B61F-F88BC807C639}.Release|Any CPU.Build.0 = Release|Any CPU
		{A85E65F3-BA90-491F-883B-305E12D999F0}.Debug|Any CPU.ActiveCfg = Debug|Any CPU
		{A85E65F3-BA90-491F-883B-305E12D999F0}.Debug|Any CPU.Build.0 = Debug|Any CPU
		{A85E65F3-BA90-491F-883B-305E12D999F0}.Release|Any CPU.ActiveCfg = Release|Any CPU
		{A85E65F3-BA90-491F-883B-305E12D999F0}.Release|Any CPU.Build.0 = Release|Any CPU
	EndGlobalSection
	GlobalSection(SolutionProperties) = preSolution
		HideSolutionNode = FALSE
	EndGlobalSection
	GlobalSection(ExtensibilityGlobals) = postSolution
		SolutionGuid = {D8AB4B99-BFE3-4663-92FE-4808CB772931}
	EndGlobalSection
EndGlobal
